
Microsoft Visual Studio Solution File, Format Version 12.00
# Visual Studio Version 17
VisualStudioVersion = 17.3.32825.248
MinimumVisualStudioVersion = 10.0.40219.1
Project("{FAE04EC0-301F-11D3-BF4B-00C04F79EFBC}") = "Operadores-Incrementos-Decrementos", "Operadores-Incrementos-Decrementos\Operadores-Incrementos-Decrementos.csproj", "{37C0A0B9-7B6E-465C-8602-717AF18E0BDA}"
EndProject
Project("{FAE04EC0-301F-11D3-BF4B-00C04F79EFBC}") = "Exerc-01-Grupo02", "Exerc-01-Grupo02\Exerc-01-Grupo02.csproj", "{4360AECA-80CD-46A1-850A-62976AFF099E}"
EndProject
Project("{FAE04EC0-301F-11D3-BF4B-00C04F79EFBC}") = "Exerc-02-Grupo02", "Exerc-02-Grupo02\Exerc-02-Grupo02.csproj", "{52C1B6AA-AD53-4157-9C0B-262E26DF5A7F}"
EndProject
Project("{FAE04EC0-301F-11D3-BF4B-00C04F79EFBC}") = "Loops-While-Do-While", "Loops-While-Do-While\Loops-While-Do-While.csproj", "{103B46C5-3E0D-465F-8F4C-1942625CA38B}"
EndProject
Project("{FAE04EC0-301F-11D3-BF4B-00C04F79EFBC}") = "Exerc-03-Grupo02", "Loop-For\Exerc-03-Grupo02.csproj", "{B8684422-7FBA-42C8-8FF5-BA122C0F5DCE}"
EndProject
Project("{FAE04EC0-301F-11D3-BF4B-00C04F79EFBC}") = "Exerc-04-Grupo02", "Exerc-04-Grupo02\Exerc-04-Grupo02.csproj", "{E17E1B1D-1494-448A-A7E9-C92CA95AE382}"
EndProject
Project("{FAE04EC0-301F-11D3-BF4B-00C04F79EFBC}") = "Exerc-05-Grupo02", "Exerc-05-Grupo02\Exerc-05-Grupo02.csproj", "{9B2667BB-C8E7-478B-A303-9136146AF724}"
EndProject
Project("{FAE04EC0-301F-11D3-BF4B-00C04F79EFBC}") = "Exerc-07-Grupo02", "Exerc-07-Grupo02\Exerc-07-Grupo02.csproj", "{5693CC95-F2FA-44DE-A4A3-58DD268C0459}"
EndProject
Project("{FAE04EC0-301F-11D3-BF4B-00C04F79EFBC}") = "Exerc-06-Grupo02", "Exerc-06-Grupo02\Exerc-06-Grupo02.csproj", "{D9BF3A43-2628-4830-B87E-B6930A616824}"
EndProject
Project("{FAE04EC0-301F-11D3-BF4B-00C04F79EFBC}") = "Exerc-09-Grupo02", "Exerc-09-Grupo02\Exerc-09-Grupo02.csproj", "{06E7F919-365E-494F-B383-2D583A4DE86F}"
EndProject
Project("{FAE04EC0-301F-11D3-BF4B-00C04F79EFBC}") = "Exerc-10-Grupo02", "Exerc-10-Grupo02\Exerc-10-Grupo02.csproj", "{17DC22F1-D194-4940-8477-000A766E0F7C}"
EndProject
Project("{FAE04EC0-301F-11D3-BF4B-00C04F79EFBC}") = "Exerc-10-Grupo02-Validação", "Exerc-10-Grupo02-Validação\Exerc-10-Grupo02-Validação.csproj", "{1F0622A5-783E-4716-8CE9-98E28F11A026}"
EndProject
Project("{FAE04EC0-301F-11D3-BF4B-00C04F79EFBC}") = "Exerc-08-Grupo02", "Exerc-08-Grupo02\Exerc-08-Grupo02.csproj", "{35AEFF8C-F10E-4406-93E4-6DD2E340B13B}"
EndProject
Project("{FAE04EC0-301F-11D3-BF4B-00C04F79EFBC}") = "Exerc-11-Grupo02", "Exerc-11-Grupo02\Exerc-11-Grupo02.csproj", "{CCB37683-59C3-4FD7-B08C-DF69F5A6E135}"
EndProject
Project("{FAE04EC0-301F-11D3-BF4B-00C04F79EFBC}") = "Exerc-12-Grupo02", "Exerc-12-Grupo02\Exerc-12-Grupo02.csproj", "{F150847D-F25C-4619-B880-2298F3DB02B8}"
EndProject
Project("{FAE04EC0-301F-11D3-BF4B-00C04F79EFBC}") = "Exerc-13-Grupo02", "Exrc-13-Grupo02\Exerc-13-Grupo02.csproj", "{8EAF3EB9-4092-4D74-BE60-E2621DE006D3}"
EndProject
Project("{FAE04EC0-301F-11D3-BF4B-00C04F79EFBC}") = "Exerc-14-Grupo02", "Exerc-14-Grupo02\Exerc-14-Grupo02.csproj", "{38605D00-826A-4230-A266-602520A94382}"
EndProject
Project("{FAE04EC0-301F-11D3-BF4B-00C04F79EFBC}") = "Exerc-16-Grupo02", "Exerc-16-Grupo02\Exerc-16-Grupo02.csproj", "{CB042B9B-8C1B-488C-967D-20544BCA8A60}"
EndProject
Project("{FAE04EC0-301F-11D3-BF4B-00C04F79EFBC}") = "Exerc-17-Grupo02", "Exerc-17-Grupo02\Exerc-17-Grupo02.csproj", "{9974E1D1-151A-4D06-9DFB-DFD343AC1ECC}"
EndProject
Project("{FAE04EC0-301F-11D3-BF4B-00C04F79EFBC}") = "Exerc-11-Grupo02-Prof", "Exerc-11-Grupo02-Prof\Exerc-11-Grupo02-Prof.csproj", "{CF4322FB-64A1-4FE8-8B51-3DB560F1718B}"
EndProject
Project("{FAE04EC0-301F-11D3-BF4B-00C04F79EFBC}") = "Exerc-01-Grupo03", "Exerc-01-Grupo03\Exerc-01-Grupo03.csproj", "{BDC30E32-71A3-4E45-9ADA-BCC19204A5A1}"
EndProject
Project("{FAE04EC0-301F-11D3-BF4B-00C04F79EFBC}") = "Exerc-02-Grupo03", "Exerc-02-Grupo03\Exerc-02-Grupo03.csproj", "{41F4BB43-055D-4B8D-86A3-7C38799A6F65}"
EndProject
Project("{FAE04EC0-301F-11D3-BF4B-00C04F79EFBC}") = "Exerc-03-Grupo03", "Exerc-03-Grupo03\Exerc-03-Grupo03.csproj", "{240FA700-2722-4998-AF7E-D77E9BAF7B38}"
EndProject
Project("{FAE04EC0-301F-11D3-BF4B-00C04F79EFBC}") = "Exerc-04-Grupo03", "Exerc-04-Grupo03\Exerc-04-Grupo03.csproj", "{F7211DBF-F51E-43CF-A0FF-03B93A53CA0E}"
EndProject
Project("{FAE04EC0-301F-11D3-BF4B-00C04F79EFBC}") = "Exerc-05-Grupo03", "Exerc-05-Grupo03\Exerc-05-Grupo03.csproj", "{95051454-E810-4FA7-B45C-33171A0474C1}"
EndProject
Project("{FAE04EC0-301F-11D3-BF4B-00C04F79EFBC}") = "Exerc-06-Grupo03", "Exerc-06-Grupo03\Exerc-06-Grupo03.csproj", "{917E2C0E-D9C6-41E3-903F-11E11A17A42F}"
EndProject
Project("{FAE04EC0-301F-11D3-BF4B-00C04F79EFBC}") = "Exerc-07-Grupo03", "Exerc-07-Grupo03\Exerc-07-Grupo03.csproj", "{327785CC-E651-4836-8D77-FDF84DA4DBCA}"
EndProject
Project("{FAE04EC0-301F-11D3-BF4B-00C04F79EFBC}") = "ULTIMO PROGRAMA", "ULTIMO PROGRAMA\ULTIMO PROGRAMA.csproj", "{3F9EAF09-585E-4A47-976D-BE85025B1B47}"
EndProject
Project("{FAE04EC0-301F-11D3-BF4B-00C04F79EFBC}") = "Exerc-Fluxograma02", "Exerc-Fluxograma01\Exerc-Fluxograma02.csproj", "{B262E076-AAB6-41FF-B432-2D4DBD3DB74A}"
EndProject
Project("{FAE04EC0-301F-11D3-BF4B-00C04F79EFBC}") = "Exerc-Fluxograma03", "Exerc-Fluxograma03\Exerc-Fluxograma03.csproj", "{6907E693-30E2-41A4-B0DD-E6E051718F7E}"
EndProject
Project("{FAE04EC0-301F-11D3-BF4B-00C04F79EFBC}") = "GoTo-Continue-Break", "GoTo-Continue-Break\GoTo-Continue-Break.csproj", "{7ED7FC3A-D875-4A27-AEE6-9C04E8E2401E}"
EndProject
Project("{FAE04EC0-301F-11D3-BF4B-00C04F79EFBC}") = "LerAno", "LerAno\LerAno.csproj", "{BA1875B6-F254-402B-9EB4-C5C4A89AA93A}"
EndProject
Global
	GlobalSection(SolutionConfigurationPlatforms) = preSolution
		Debug|Any CPU = Debug|Any CPU
		Release|Any CPU = Release|Any CPU
	EndGlobalSection
	GlobalSection(ProjectConfigurationPlatforms) = postSolution
		{37C0A0B9-7B6E-465C-8602-717AF18E0BDA}.Debug|Any CPU.ActiveCfg = Debug|Any CPU
		{37C0A0B9-7B6E-465C-8602-717AF18E0BDA}.Debug|Any CPU.Build.0 = Debug|Any CPU
		{37C0A0B9-7B6E-465C-8602-717AF18E0BDA}.Release|Any CPU.ActiveCfg = Release|Any CPU
		{37C0A0B9-7B6E-465C-8602-717AF18E0BDA}.Release|Any CPU.Build.0 = Release|Any CPU
		{4360AECA-80CD-46A1-850A-62976AFF099E}.Debug|Any CPU.ActiveCfg = Debug|Any CPU
		{4360AECA-80CD-46A1-850A-62976AFF099E}.Debug|Any CPU.Build.0 = Debug|Any CPU
		{4360AECA-80CD-46A1-850A-62976AFF099E}.Release|Any CPU.ActiveCfg = Release|Any CPU
		{4360AECA-80CD-46A1-850A-62976AFF099E}.Release|Any CPU.Build.0 = Release|Any CPU
		{52C1B6AA-AD53-4157-9C0B-262E26DF5A7F}.Debug|Any CPU.ActiveCfg = Debug|Any CPU
		{52C1B6AA-AD53-4157-9C0B-262E26DF5A7F}.Debug|Any CPU.Build.0 = Debug|Any CPU
		{52C1B6AA-AD53-4157-9C0B-262E26DF5A7F}.Release|Any CPU.ActiveCfg = Release|Any CPU
		{52C1B6AA-AD53-4157-9C0B-262E26DF5A7F}.Release|Any CPU.Build.0 = Release|Any CPU
		{103B46C5-3E0D-465F-8F4C-1942625CA38B}.Debug|Any CPU.ActiveCfg = Debug|Any CPU
		{103B46C5-3E0D-465F-8F4C-1942625CA38B}.Debug|Any CPU.Build.0 = Debug|Any CPU
		{103B46C5-3E0D-465F-8F4C-1942625CA38B}.Release|Any CPU.ActiveCfg = Release|Any CPU
		{103B46C5-3E0D-465F-8F4C-1942625CA38B}.Release|Any CPU.Build.0 = Release|Any CPU
		{B8684422-7FBA-42C8-8FF5-BA122C0F5DCE}.Debug|Any CPU.ActiveCfg = Debug|Any CPU
		{B8684422-7FBA-42C8-8FF5-BA122C0F5DCE}.Debug|Any CPU.Build.0 = Debug|Any CPU
		{B8684422-7FBA-42C8-8FF5-BA122C0F5DCE}.Release|Any CPU.ActiveCfg = Release|Any CPU
		{B8684422-7FBA-42C8-8FF5-BA122C0F5DCE}.Release|Any CPU.Build.0 = Release|Any CPU
		{E17E1B1D-1494-448A-A7E9-C92CA95AE382}.Debug|Any CPU.ActiveCfg = Debug|Any CPU
		{E17E1B1D-1494-448A-A7E9-C92CA95AE382}.Debug|Any CPU.Build.0 = Debug|Any CPU
		{E17E1B1D-1494-448A-A7E9-C92CA95AE382}.Release|Any CPU.ActiveCfg = Release|Any CPU
		{E17E1B1D-1494-448A-A7E9-C92CA95AE382}.Release|Any CPU.Build.0 = Release|Any CPU
		{9B2667BB-C8E7-478B-A303-9136146AF724}.Debug|Any CPU.ActiveCfg = Debug|Any CPU
		{9B2667BB-C8E7-478B-A303-9136146AF724}.Debug|Any CPU.Build.0 = Debug|Any CPU
		{9B2667BB-C8E7-478B-A303-9136146AF724}.Release|Any CPU.ActiveCfg = Release|Any CPU
		{9B2667BB-C8E7-478B-A303-9136146AF724}.Release|Any CPU.Build.0 = Release|Any CPU
		{5693CC95-F2FA-44DE-A4A3-58DD268C0459}.Debug|Any CPU.ActiveCfg = Debug|Any CPU
		{5693CC95-F2FA-44DE-A4A3-58DD268C0459}.Debug|Any CPU.Build.0 = Debug|Any CPU
		{5693CC95-F2FA-44DE-A4A3-58DD268C0459}.Release|Any CPU.ActiveCfg = Release|Any CPU
		{5693CC95-F2FA-44DE-A4A3-58DD268C0459}.Release|Any CPU.Build.0 = Release|Any CPU
		{D9BF3A43-2628-4830-B87E-B6930A616824}.Debug|Any CPU.ActiveCfg = Debug|Any CPU
		{D9BF3A43-2628-4830-B87E-B6930A616824}.Debug|Any CPU.Build.0 = Debug|Any CPU
		{D9BF3A43-2628-4830-B87E-B6930A616824}.Release|Any CPU.ActiveCfg = Release|Any CPU
		{D9BF3A43-2628-4830-B87E-B6930A616824}.Release|Any CPU.Build.0 = Release|Any CPU
		{06E7F919-365E-494F-B383-2D583A4DE86F}.Debug|Any CPU.ActiveCfg = Debug|Any CPU
		{06E7F919-365E-494F-B383-2D583A4DE86F}.Debug|Any CPU.Build.0 = Debug|Any CPU
		{06E7F919-365E-494F-B383-2D583A4DE86F}.Release|Any CPU.ActiveCfg = Release|Any CPU
		{06E7F919-365E-494F-B383-2D583A4DE86F}.Release|Any CPU.Build.0 = Release|Any CPU
		{17DC22F1-D194-4940-8477-000A766E0F7C}.Debug|Any CPU.ActiveCfg = Debug|Any CPU
		{17DC22F1-D194-4940-8477-000A766E0F7C}.Debug|Any CPU.Build.0 = Debug|Any CPU
		{17DC22F1-D194-4940-8477-000A766E0F7C}.Release|Any CPU.ActiveCfg = Release|Any CPU
		{17DC22F1-D194-4940-8477-000A766E0F7C}.Release|Any CPU.Build.0 = Release|Any CPU
		{1F0622A5-783E-4716-8CE9-98E28F11A026}.Debug|Any CPU.ActiveCfg = Debug|Any CPU
		{1F0622A5-783E-4716-8CE9-98E28F11A026}.Debug|Any CPU.Build.0 = Debug|Any CPU
		{1F0622A5-783E-4716-8CE9-98E28F11A026}.Release|Any CPU.ActiveCfg = Release|Any CPU
		{1F0622A5-783E-4716-8CE9-98E28F11A026}.Release|Any CPU.Build.0 = Release|Any CPU
		{35AEFF8C-F10E-4406-93E4-6DD2E340B13B}.Debug|Any CPU.ActiveCfg = Debug|Any CPU
		{35AEFF8C-F10E-4406-93E4-6DD2E340B13B}.Debug|Any CPU.Build.0 = Debug|Any CPU
		{35AEFF8C-F10E-4406-93E4-6DD2E340B13B}.Release|Any CPU.ActiveCfg = Release|Any CPU
		{35AEFF8C-F10E-4406-93E4-6DD2E340B13B}.Release|Any CPU.Build.0 = Release|Any CPU
		{CCB37683-59C3-4FD7-B08C-DF69F5A6E135}.Debug|Any CPU.ActiveCfg = Debug|Any CPU
		{CCB37683-59C3-4FD7-B08C-DF69F5A6E135}.Debug|Any CPU.Build.0 = Debug|Any CPU
		{CCB37683-59C3-4FD7-B08C-DF69F5A6E135}.Release|Any CPU.ActiveCfg = Release|Any CPU
		{CCB37683-59C3-4FD7-B08C-DF69F5A6E135}.Release|Any CPU.Build.0 = Release|Any CPU
		{F150847D-F25C-4619-B880-2298F3DB02B8}.Debug|Any CPU.ActiveCfg = Debug|Any CPU
		{F150847D-F25C-4619-B880-2298F3DB02B8}.Debug|Any CPU.Build.0 = Debug|Any CPU
		{F150847D-F25C-4619-B880-2298F3DB02B8}.Release|Any CPU.ActiveCfg = Release|Any CPU
		{F150847D-F25C-4619-B880-2298F3DB02B8}.Release|Any CPU.Build.0 = Release|Any CPU
		{8EAF3EB9-4092-4D74-BE60-E2621DE006D3}.Debug|Any CPU.ActiveCfg = Debug|Any CPU
		{8EAF3EB9-4092-4D74-BE60-E2621DE006D3}.Debug|Any CPU.Build.0 = Debug|Any CPU
		{8EAF3EB9-4092-4D74-BE60-E2621DE006D3}.Release|Any CPU.ActiveCfg = Release|Any CPU
		{8EAF3EB9-4092-4D74-BE60-E2621DE006D3}.Release|Any CPU.Build.0 = Release|Any CPU
		{38605D00-826A-4230-A266-602520A94382}.Debug|Any CPU.ActiveCfg = Debug|Any CPU
		{38605D00-826A-4230-A266-602520A94382}.Debug|Any CPU.Build.0 = Debug|Any CPU
		{38605D00-826A-4230-A266-602520A94382}.Release|Any CPU.ActiveCfg = Release|Any CPU
		{38605D00-826A-4230-A266-602520A94382}.Release|Any CPU.Build.0 = Release|Any CPU
		{CB042B9B-8C1B-488C-967D-20544BCA8A60}.Debug|Any CPU.ActiveCfg = Debug|Any CPU
		{CB042B9B-8C1B-488C-967D-20544BCA8A60}.Debug|Any CPU.Build.0 = Debug|Any CPU
		{CB042B9B-8C1B-488C-967D-20544BCA8A60}.Release|Any CPU.ActiveCfg = Release|Any CPU
		{CB042B9B-8C1B-488C-967D-20544BCA8A60}.Release|Any CPU.Build.0 = Release|Any CPU
		{9974E1D1-151A-4D06-9DFB-DFD343AC1ECC}.Debug|Any CPU.ActiveCfg = Debug|Any CPU
		{9974E1D1-151A-4D06-9DFB-DFD343AC1ECC}.Debug|Any CPU.Build.0 = Debug|Any CPU
		{9974E1D1-151A-4D06-9DFB-DFD343AC1ECC}.Release|Any CPU.ActiveCfg = Release|Any CPU
		{9974E1D1-151A-4D06-9DFB-DFD343AC1ECC}.Release|Any CPU.Build.0 = Release|Any CPU
		{CF4322FB-64A1-4FE8-8B51-3DB560F1718B}.Debug|Any CPU.ActiveCfg = Debug|Any CPU
		{CF4322FB-64A1-4FE8-8B51-3DB560F1718B}.Debug|Any CPU.Build.0 = Debug|Any CPU
		{CF4322FB-64A1-4FE8-8B51-3DB560F1718B}.Release|Any CPU.ActiveCfg = Release|Any CPU
		{CF4322FB-64A1-4FE8-8B51-3DB560F1718B}.Release|Any CPU.Build.0 = Release|Any CPU
		{BDC30E32-71A3-4E45-9ADA-BCC19204A5A1}.Debug|Any CPU.ActiveCfg = Debug|Any CPU
		{BDC30E32-71A3-4E45-9ADA-BCC19204A5A1}.Debug|Any CPU.Build.0 = Debug|Any CPU
		{BDC30E32-71A3-4E45-9ADA-BCC19204A5A1}.Release|Any CPU.ActiveCfg = Release|Any CPU
		{BDC30E32-71A3-4E45-9ADA-BCC19204A5A1}.Release|Any CPU.Build.0 = Release|Any CPU
		{41F4BB43-055D-4B8D-86A3-7C38799A6F65}.Debug|Any CPU.ActiveCfg = Debug|Any CPU
		{41F4BB43-055D-4B8D-86A3-7C38799A6F65}.Debug|Any CPU.Build.0 = Debug|Any CPU
		{41F4BB43-055D-4B8D-86A3-7C38799A6F65}.Release|Any CPU.ActiveCfg = Release|Any CPU
		{41F4BB43-055D-4B8D-86A3-7C38799A6F65}.Release|Any CPU.Build.0 = Release|Any CPU
		{240FA700-2722-4998-AF7E-D77E9BAF7B38}.Debug|Any CPU.ActiveCfg = Debug|Any CPU
		{240FA700-2722-4998-AF7E-D77E9BAF7B38}.Debug|Any CPU.Build.0 = Debug|Any CPU
		{240FA700-2722-4998-AF7E-D77E9BAF7B38}.Release|Any CPU.ActiveCfg = Release|Any CPU
		{240FA700-2722-4998-AF7E-D77E9BAF7B38}.Release|Any CPU.Build.0 = Release|Any CPU
		{F7211DBF-F51E-43CF-A0FF-03B93A53CA0E}.Debug|Any CPU.ActiveCfg = Debug|Any CPU
		{F7211DBF-F51E-43CF-A0FF-03B93A53CA0E}.Debug|Any CPU.Build.0 = Debug|Any CPU
		{F7211DBF-F51E-43CF-A0FF-03B93A53CA0E}.Release|Any CPU.ActiveCfg = Release|Any CPU
		{F7211DBF-F51E-43CF-A0FF-03B93A53CA0E}.Release|Any CPU.Build.0 = Release|Any CPU
		{95051454-E810-4FA7-B45C-33171A0474C1}.Debug|Any CPU.ActiveCfg = Debug|Any CPU
		{95051454-E810-4FA7-B45C-33171A0474C1}.Debug|Any CPU.Build.0 = Debug|Any CPU
		{95051454-E810-4FA7-B45C-33171A0474C1}.Release|Any CPU.ActiveCfg = Release|Any CPU
		{95051454-E810-4FA7-B45C-33171A0474C1}.Release|Any CPU.Build.0 = Release|Any CPU
		{917E2C0E-D9C6-41E3-903F-11E11A17A42F}.Debug|Any CPU.ActiveCfg = Debug|Any CPU
		{917E2C0E-D9C6-41E3-903F-11E11A17A42F}.Debug|Any CPU.Build.0 = Debug|Any CPU
		{917E2C0E-D9C6-41E3-903F-11E11A17A42F}.Release|Any CPU.ActiveCfg = Release|Any CPU
		{917E2C0E-D9C6-41E3-903F-11E11A17A42F}.Release|Any CPU.Build.0 = Release|Any CPU
		{327785CC-E651-4836-8D77-FDF84DA4DBCA}.Debug|Any CPU.ActiveCfg = Debug|Any CPU
		{327785CC-E651-4836-8D77-FDF84DA4DBCA}.Debug|Any CPU.Build.0 = Debug|Any CPU
		{327785CC-E651-4836-8D77-FDF84DA4DBCA}.Release|Any CPU.ActiveCfg = Release|Any CPU
		{327785CC-E651-4836-8D77-FDF84DA4DBCA}.Release|Any CPU.Build.0 = Release|Any CPU
		{3F9EAF09-585E-4A47-976D-BE85025B1B47}.Debug|Any CPU.ActiveCfg = Debug|Any CPU
		{3F9EAF09-585E-4A47-976D-BE85025B1B47}.Debug|Any CPU.Build.0 = Debug|Any CPU
		{3F9EAF09-585E-4A47-976D-BE85025B1B47}.Release|Any CPU.ActiveCfg = Release|Any CPU
		{3F9EAF09-585E-4A47-976D-BE85025B1B47}.Release|Any CPU.Build.0 = Release|Any CPU
		{B262E076-AAB6-41FF-B432-2D4DBD3DB74A}.Debug|Any CPU.ActiveCfg = Debug|Any CPU
		{B262E076-AAB6-41FF-B432-2D4DBD3DB74A}.Debug|Any CPU.Build.0 = Debug|Any CPU
		{B262E076-AAB6-41FF-B432-2D4DBD3DB74A}.Release|Any CPU.ActiveCfg = Release|Any CPU
		{B262E076-AAB6-41FF-B432-2D4DBD3DB74A}.Release|Any CPU.Build.0 = Release|Any CPU
		{6907E693-30E2-41A4-B0DD-E6E051718F7E}.Debug|Any CPU.ActiveCfg = Debug|Any CPU
		{6907E693-30E2-41A4-B0DD-E6E051718F7E}.Debug|Any CPU.Build.0 = Debug|Any CPU
		{6907E693-30E2-41A4-B0DD-E6E051718F7E}.Release|Any CPU.ActiveCfg = Release|Any CPU
		{6907E693-30E2-41A4-B0DD-E6E051718F7E}.Release|Any CPU.Build.0 = Release|Any CPU
		{7ED7FC3A-D875-4A27-AEE6-9C04E8E2401E}.Debug|Any CPU.ActiveCfg = Debug|Any CPU
		{7ED7FC3A-D875-4A27-AEE6-9C04E8E2401E}.Debug|Any CPU.Build.0 = Debug|Any CPU
		{7ED7FC3A-D875-4A27-AEE6-9C04E8E2401E}.Release|Any CPU.ActiveCfg = Release|Any CPU
		{7ED7FC3A-D875-4A27-AEE6-9C04E8E2401E}.Release|Any CPU.Build.0 = Release|Any CPU
		{BA1875B6-F254-402B-9EB4-C5C4A89AA93A}.Debug|Any CPU.ActiveCfg = Debug|Any CPU
		{BA1875B6-F254-402B-9EB4-C5C4A89AA93A}.Debug|Any CPU.Build.0 = Debug|Any CPU
		{BA1875B6-F254-402B-9EB4-C5C4A89AA93A}.Release|Any CPU.ActiveCfg = Release|Any CPU
		{BA1875B6-F254-402B-9EB4-C5C4A89AA93A}.Release|Any CPU.Build.0 = Release|Any CPU
	EndGlobalSection
	GlobalSection(SolutionProperties) = preSolution
		HideSolutionNode = FALSE
	EndGlobalSection
	GlobalSection(ExtensibilityGlobals) = postSolution
		SolutionGuid = {7ACD7714-FE19-4B33-96A6-F8F43B0BE7CB}
	EndGlobalSection
EndGlobal
